
Microsoft Visual Studio Solution File, Format Version 12.00
# Visual Studio Version 16
VisualStudioVersion = 16.0.29806.167
MinimumVisualStudioVersion = 10.0.40219.1
Project("{FAE04EC0-301F-11D3-BF4B-00C04F79EFBC}") = "Fafnir", "Fafnir\Fafnir.csproj", "{6785630A-7C0D-4DD6-9227-F4E2769BE0DB}"
EndProject
Global
	GlobalSection(SolutionConfigurationPlatforms) = preSolution
		Debug|Any CPU = Debug|Any CPU
		Release|Any CPU = Release|Any CPU
	EndGlobalSection
	GlobalSection(ProjectConfigurationPlatforms) = postSolution
		{6785630A-7C0D-4DD6-9227-F4E2769BE0DB}.Debug|Any CPU.ActiveCfg = Debug|Any CPU
		{6785630A-7C0D-4DD6-9227-F4E2769BE0DB}.Debug|Any CPU.Build.0 = Debug|Any CPU
		{6785630A-7C0D-4DD6-9227-F4E2769BE0DB}.Release|Any CPU.ActiveCfg = Release|Any CPU
		{6785630A-7C0D-4DD6-9227-F4E2769BE0DB}.Release|Any CPU.Build.0 = Release|Any CPU
	EndGlobalSection
	GlobalSection(SolutionProperties) = preSolution
		HideSolutionNode = FALSE
	EndGlobalSection
	GlobalSection(ExtensibilityGlobals) = postSolution
		SolutionGuid = {FCA451C3-AE12-4610-9E3E-FE580B4DF8C6}
	EndGlobalSection
EndGlobal
